
Microsoft Visual Studio Solution File, Format Version 12.00
# Visual Studio Version 16
VisualStudioVersion = 16.0.31424.327
MinimumVisualStudioVersion = 10.0.40219.1
Project("{FAE04EC0-301F-11D3-BF4B-00C04F79EFBC}") = "WebYaron", "WebYaron\WebYaron.csproj", "{4ED5E19E-6DBE-4836-A21A-0A39F8B07C47}"
EndProject
Global
	GlobalSection(SolutionConfigurationPlatforms) = preSolution
		Debug|Any CPU = Debug|Any CPU
		Release|Any CPU = Release|Any CPU
	EndGlobalSection
	GlobalSection(ProjectConfigurationPlatforms) = postSolution
		{4ED5E19E-6DBE-4836-A21A-0A39F8B07C47}.Debug|Any CPU.ActiveCfg = Debug|Any CPU
		{4ED5E19E-6DBE-4836-A21A-0A39F8B07C47}.Debug|Any CPU.Build.0 = Debug|Any CPU
		{4ED5E19E-6DBE-4836-A21A-0A39F8B07C47}.Release|Any CPU.ActiveCfg = Release|Any CPU
		{4ED5E19E-6DBE-4836-A21A-0A39F8B07C47}.Release|Any CPU.Build.0 = Release|Any CPU
	EndGlobalSection
	GlobalSection(SolutionProperties) = preSolution
		HideSolutionNode = FALSE
	EndGlobalSection
	GlobalSection(ExtensibilityGlobals) = postSolution
		SolutionGuid = {CFCE3EEC-1BA4-4469-9E82-6FBCBBDB0F6C}
	EndGlobalSection
EndGlobal
